
Microsoft Visual Studio Solution File, Format Version 12.00
# Visual Studio Version 16
VisualStudioVersion = 16.0.809.10
MinimumVisualStudioVersion = 10.0.40219.1
Project("{FAE04EC0-301F-11D3-BF4B-00C04F79EFBC}") = "DockerApp", "DockerApp\DockerApp.csproj", "{239F7ECA-9BD0-4DB4-9522-0328F4ABDA45}"
EndProject
Global
	GlobalSection(SolutionConfigurationPlatforms) = preSolution
		Debug|Any CPU = Debug|Any CPU
		Release|Any CPU = Release|Any CPU
	EndGlobalSection
	GlobalSection(ProjectConfigurationPlatforms) = postSolution
		{239F7ECA-9BD0-4DB4-9522-0328F4ABDA45}.Debug|Any CPU.ActiveCfg = Debug|Any CPU
		{239F7ECA-9BD0-4DB4-9522-0328F4ABDA45}.Debug|Any CPU.Build.0 = Debug|Any CPU
		{239F7ECA-9BD0-4DB4-9522-0328F4ABDA45}.Release|Any CPU.ActiveCfg = Release|Any CPU
		{239F7ECA-9BD0-4DB4-9522-0328F4ABDA45}.Release|Any CPU.Build.0 = Release|Any CPU
	EndGlobalSection
	GlobalSection(SolutionProperties) = preSolution
		HideSolutionNode = FALSE
	EndGlobalSection
	GlobalSection(ExtensibilityGlobals) = postSolution
		SolutionGuid = {35CDBC69-1B4C-4267-A2C0-08CFB93BFB0D}
	EndGlobalSection
EndGlobal
